<?xml version="1.0" encoding="utf-8"?>
<Project ToolsVersion="4.0" xmlns="http://schemas.microsoft.com/developer/msbuild/2003">
  <ItemGroup>
    <Filter Include="Application">
      <UniqueIdentifier>{5192cea5-6c34-4e2b-9d26-d85710386885}</UniqueIdentifier>
    </Filter>
    <Filter Include="Controller">
      <UniqueIdentifier>{cb980da9-22b0-4c88-a404-7694bdc4557d}</UniqueIdentifier>
    </Filter>
    <Filter Include="Logic">
      <UniqueIdentifier>{ef0b6190-c0e1-46a6-a914-3f0b25a943ff}</UniqueIdentifier>
    </Filter>
    <Filter Include="View">
      <UniqueIdentifier>{0e36fd7c-1f4f-4095-a9d6-66eeacf62b32}</UniqueIdentifier>
    </Filter>
    <Filter Include="Logic\Components">
      <UniqueIdentifier>{41cd691f-858a-497c-b7f9-acb3144f60cb}</UniqueIdentifier>
    </Filter>
    <Filter Include="Logic\Events">
      <UniqueIdentifier>{a1acdeaa-5aad-4a85-ba24-abbf7e69a5d6}</UniqueIdentifier>
    </Filter>
    <Filter Include="View\Events">
      <UniqueIdentifier>{ef30e3ad-2367-4f6c-ad6e-43c05075b5aa}</UniqueIdentifier>
    </Filter>
  </ItemGroup>
  <ItemGroup>
    <ClInclude Include="SpaceshipGameStd.h" />
    <ClInclude Include="Application\Application.h">
      <Filter>Application</Filter>
    </ClInclude>
    <ClInclude Include="Controller\InputTypes.h">
      <Filter>Controller</Filter>
    </ClInclude>
    <ClInclude Include="Logic\GameLogic.h">
      <Filter>Logic</Filter>
    </ClInclude>
    <ClInclude Include="Logic\GameStateFactory.h">
      <Filter>Logic</Filter>
    </ClInclude>
    <ClInclude Include="Logic\GameStates.h">
      <Filter>Logic</Filter>
    </ClInclude>
    <ClInclude Include="View\HumanView.h">
      <Filter>View</Filter>
    </ClInclude>
    <ClInclude Include="Controller\GameController.h">
      <Filter>Controller</Filter>
    </ClInclude>
    <ClInclude Include="Logic\Components\ActorFactory.h">
      <Filter>Logic\Components</Filter>
    </ClInclude>
    <ClInclude Include="Logic\Components\HealthComponent.h">
      <Filter>Logic\Components</Filter>
    </ClInclude>
    <ClInclude Include="Logic\Components\DamageInflictingComponent.h">
      <Filter>Logic\Components</Filter>
    </ClInclude>
    <ClInclude Include="Logic\Components\DamageSoakingComponent.h">
      <Filter>Logic\Components</Filter>
    </ClInclude>
    <ClInclude Include="Logic\Events\GameEvents.h">
      <Filter>Logic\Events</Filter>
    </ClInclude>
    <ClInclude Include="View\EventFeedback\AuralFeedback.h">
      <Filter>View\Events</Filter>
    </ClInclude>
    <ClInclude Include="View\EventFeedback\FeedbackFactory.h">
      <Filter>View\Events</Filter>
    </ClInclude>
  </ItemGroup>
  <ItemGroup>
    <ClCompile Include="main.cpp" />
    <ClCompile Include="SpaceshipGameStd.cpp" />
    <ClCompile Include="Controller\InputTypes.cpp">
      <Filter>Controller</Filter>
    </ClCompile>
    <ClCompile Include="Logic\GameLogic.cpp">
      <Filter>Logic</Filter>
    </ClCompile>
    <ClCompile Include="Logic\GameStateFactory.cpp">
      <Filter>Logic</Filter>
    </ClCompile>
    <ClCompile Include="Logic\GameStates.cpp">
      <Filter>Logic</Filter>
    </ClCompile>
    <ClCompile Include="View\HumanView.cpp">
      <Filter>View</Filter>
    </ClCompile>
    <ClCompile Include="Application\Application.cpp">
      <Filter>Application</Filter>
    </ClCompile>
    <ClCompile Include="Controller\GameController.cpp">
      <Filter>Controller</Filter>
    </ClCompile>
    <ClCompile Include="Logic\Components\ActorFactory.cpp">
      <Filter>Logic\Components</Filter>
    </ClCompile>
    <ClCompile Include="Logic\Components\HealthComponent.cpp">
      <Filter>Logic\Components</Filter>
    </ClCompile>
    <ClCompile Include="Logic\Components\DamageInflictingComponent.cpp">
      <Filter>Logic\Components</Filter>
    </ClCompile>
    <ClCompile Include="Logic\Components\DamageSoakingComponent.cpp">
      <Filter>Logic\Components</Filter>
    </ClCompile>
    <ClCompile Include="Logic\Events\GameEvents.cpp">
      <Filter>Logic\Events</Filter>
    </ClCompile>
    <ClCompile Include="View\EventFeedback\AuralFeedback.cpp">
      <Filter>View\Events</Filter>
    </ClCompile>
    <ClCompile Include="View\EventFeedback\FeedbackFactory.cpp">
      <Filter>View\Events</Filter>
    </ClCompile>
  </ItemGroup>
</Project>